# @generated - this file is auto-generated by `mise lock` https://mise.jdx.dev/dev-tools/mise-lock.html

[[tools."aqua:BurntSushi/ripgrep"]]
version = "15.1.0"
backend = "aqua:BurntSushi/ripgrep"

[tools."aqua:BurntSushi/ripgrep"."platforms.linux-arm64"]
checksum = "sha256:2b661c6ef508e902f388e9098d9c4c5aca72c87b55922d94abdba830b4dc885e"
url = "https://github.com/BurntSushi/ripgrep/releases/download/15.1.0/ripgrep-15.1.0-aarch64-unknown-linux-gnu.tar.gz"

[tools."aqua:BurntSushi/ripgrep"."platforms.linux-arm64-musl"]
checksum = "sha256:2b661c6ef508e902f388e9098d9c4c5aca72c87b55922d94abdba830b4dc885e"
url = "https://github.com/BurntSushi/ripgrep/releases/download/15.1.0/ripgrep-15.1.0-aarch64-unknown-linux-gnu.tar.gz"

[tools."aqua:BurntSushi/ripgrep"."platforms.linux-x64"]
checksum = "sha256:1c9297be4a084eea7ecaedf93eb03d058d6faae29bbc57ecdaf5063921491599"
url = "https://github.com/BurntSushi/ripgrep/releases/download/15.1.0/ripgrep-15.1.0-x86_64-unknown-linux-musl.tar.gz"

[tools."aqua:BurntSushi/ripgrep"."platforms.linux-x64-musl"]
checksum = "sha256:1c9297be4a084eea7ecaedf93eb03d058d6faae29bbc57ecdaf5063921491599"
url = "https://github.com/BurntSushi/ripgrep/releases/download/15.1.0/ripgrep-15.1.0-x86_64-unknown-linux-musl.tar.gz"

[tools."aqua:BurntSushi/ripgrep"."platforms.macos-arm64"]
checksum = "sha256:378e973289176ca0c6054054ee7f631a065874a352bf43f0fa60ef079b6ba715"
url = "https://github.com/BurntSushi/ripgrep/releases/download/15.1.0/ripgrep-15.1.0-aarch64-apple-darwin.tar.gz"

[tools."aqua:BurntSushi/ripgrep"."platforms.macos-x64"]
checksum = "sha256:64811cb24e77cac3057d6c40b63ac9becf9082eedd54ca411b475b755d334882"
url = "https://github.com/BurntSushi/ripgrep/releases/download/15.1.0/ripgrep-15.1.0-x86_64-apple-darwin.tar.gz"

[tools."aqua:BurntSushi/ripgrep"."platforms.windows-arm64"]
checksum = "sha256:124510b94b6baa3380d051fdf4650eaa80a302c876d611e9dba0b2e18d87493a"
url = "https://github.com/BurntSushi/ripgrep/releases/download/15.1.0/ripgrep-15.1.0-x86_64-pc-windows-msvc.zip"

[tools."aqua:BurntSushi/ripgrep"."platforms.windows-x64"]
checksum = "sha256:124510b94b6baa3380d051fdf4650eaa80a302c876d611e9dba0b2e18d87493a"
url = "https://github.com/BurntSushi/ripgrep/releases/download/15.1.0/ripgrep-15.1.0-x86_64-pc-windows-msvc.zip"

[[tools."aqua:astral-sh/uv"]]
version = "0.11.3"
backend = "aqua:astral-sh/uv"

[tools."aqua:astral-sh/uv"."platforms.linux-arm64"]
checksum = "sha256:8ecec82cb9a744d5fabff6d16d7777218a7730f699d2aa0d2f751c17858e2efa"
url = "https://github.com/astral-sh/uv/releases/download/0.11.3/uv-aarch64-unknown-linux-musl.tar.gz"

[tools."aqua:astral-sh/uv"."platforms.linux-arm64-musl"]
checksum = "sha256:8ecec82cb9a744d5fabff6d16d7777218a7730f699d2aa0d2f751c17858e2efa"
url = "https://github.com/astral-sh/uv/releases/download/0.11.3/uv-aarch64-unknown-linux-musl.tar.gz"

[tools."aqua:astral-sh/uv"."platforms.linux-x64"]
checksum = "sha256:8b40cf16b849634b81a530a3d0a0bcae5f24996ef9ae782976fd69b6266d3b8e"
url = "https://github.com/astral-sh/uv/releases/download/0.11.3/uv-x86_64-unknown-linux-musl.tar.gz"

[tools."aqua:astral-sh/uv"."platforms.linux-x64-musl"]
checksum = "sha256:8b40cf16b849634b81a530a3d0a0bcae5f24996ef9ae782976fd69b6266d3b8e"
url = "https://github.com/astral-sh/uv/releases/download/0.11.3/uv-x86_64-unknown-linux-musl.tar.gz"

[tools."aqua:astral-sh/uv"."platforms.macos-arm64"]
checksum = "sha256:2bc3d0c7bf2bd08325b1e170abac6f7e5b3346e1d4eab3370d17cefec934996f"
url = "https://github.com/astral-sh/uv/releases/download/0.11.3/uv-aarch64-apple-darwin.tar.gz"
provenance = "github-attestations"

[tools."aqua:astral-sh/uv"."platforms.macos-x64"]
checksum = "sha256:b0e05e0b43a000fdc2132ee3f3400ba5dee427bc2337d3ec4eb8cf4f3d5722af"
url = "https://github.com/astral-sh/uv/releases/download/0.11.3/uv-x86_64-apple-darwin.tar.gz"

[tools."aqua:astral-sh/uv"."platforms.windows-arm64"]
checksum = "sha256:ae681c0aaec7cc96af184648cb88d73f8393ed60fa5880abdd6bdb910f9b227c"
url = "https://github.com/astral-sh/uv/releases/download/0.11.3/uv-x86_64-pc-windows-msvc.zip"

[tools."aqua:astral-sh/uv"."platforms.windows-x64"]
checksum = "sha256:ae681c0aaec7cc96af184648cb88d73f8393ed60fa5880abdd6bdb910f9b227c"
url = "https://github.com/astral-sh/uv/releases/download/0.11.3/uv-x86_64-pc-windows-msvc.zip"

[[tools."aqua:cargo-bins/cargo-binstall"]]
version = "1.17.9"
backend = "aqua:cargo-bins/cargo-binstall"

[tools."aqua:cargo-bins/cargo-binstall"."platforms.linux-arm64"]
checksum = "sha256:89df253cc00a307209daee7648272bba4d8a342fce084d5922f6b3f4e4db0e25"
url = "https://github.com/cargo-bins/cargo-binstall/releases/download/v1.17.9/cargo-binstall-aarch64-unknown-linux-musl.tgz"

[tools."aqua:cargo-bins/cargo-binstall"."platforms.linux-arm64-musl"]
checksum = "sha256:89df253cc00a307209daee7648272bba4d8a342fce084d5922f6b3f4e4db0e25"
url = "https://github.com/cargo-bins/cargo-binstall/releases/download/v1.17.9/cargo-binstall-aarch64-unknown-linux-musl.tgz"

[tools."aqua:cargo-bins/cargo-binstall"."platforms.linux-x64"]
checksum = "sha256:bdea3fd820b118576316bf69c8240f454857287717809e6ecef010faace901ff"
url = "https://github.com/cargo-bins/cargo-binstall/releases/download/v1.17.9/cargo-binstall-x86_64-unknown-linux-musl.tgz"

[tools."aqua:cargo-bins/cargo-binstall"."platforms.linux-x64-musl"]
checksum = "sha256:bdea3fd820b118576316bf69c8240f454857287717809e6ecef010faace901ff"
url = "https://github.com/cargo-bins/cargo-binstall/releases/download/v1.17.9/cargo-binstall-x86_64-unknown-linux-musl.tgz"

[tools."aqua:cargo-bins/cargo-binstall"."platforms.macos-arm64"]
checksum = "sha256:021d537caa2071bbcd8ec50b210ea45af68a6983cca7780918b3603ef68d2585"
url = "https://github.com/cargo-bins/cargo-binstall/releases/download/v1.17.9/cargo-binstall-aarch64-apple-darwin.zip"

[tools."aqua:cargo-bins/cargo-binstall"."platforms.macos-x64"]
checksum = "sha256:1d4fbd74c15274a029dd92e19a0ead8e1831b6e6b60f0f5c3690ef517022c41c"
url = "https://github.com/cargo-bins/cargo-binstall/releases/download/v1.17.9/cargo-binstall-x86_64-apple-darwin.zip"

[tools."aqua:cargo-bins/cargo-binstall"."platforms.windows-arm64"]
checksum = "sha256:37295aa1c3aed07bda2b757f613477c8ca2de1208ec360c7d00238b6886de780"
url = "https://github.com/cargo-bins/cargo-binstall/releases/download/v1.17.9/cargo-binstall-aarch64-pc-windows-msvc.zip"

[tools."aqua:cargo-bins/cargo-binstall"."platforms.windows-x64"]
checksum = "sha256:d17b413a19592af2cf57f9f742d49bef8837099e1407d73e79de5bc7834c4fd6"
url = "https://github.com/cargo-bins/cargo-binstall/releases/download/v1.17.9/cargo-binstall-x86_64-pc-windows-msvc.zip"

[[tools."aqua:cli/cli"]]
version = "2.89.0"
backend = "aqua:cli/cli"

[tools."aqua:cli/cli"."platforms.linux-arm64"]
checksum = "sha256:9e64a623dfc242990aa5d9b3f507111149c4282f66b68eaad1dc79eeb13b9ce5"
url = "https://github.com/cli/cli/releases/download/v2.89.0/gh_2.89.0_linux_arm64.tar.gz"

[tools."aqua:cli/cli"."platforms.linux-arm64-musl"]
checksum = "sha256:9e64a623dfc242990aa5d9b3f507111149c4282f66b68eaad1dc79eeb13b9ce5"
url = "https://github.com/cli/cli/releases/download/v2.89.0/gh_2.89.0_linux_arm64.tar.gz"

[tools."aqua:cli/cli"."platforms.linux-x64"]
checksum = "sha256:d0422caade520530e76c1c558da47daebaa8e1203d6b7ff10ad7d6faba3490d8"
url = "https://github.com/cli/cli/releases/download/v2.89.0/gh_2.89.0_linux_amd64.tar.gz"

[tools."aqua:cli/cli"."platforms.linux-x64-musl"]
checksum = "sha256:d0422caade520530e76c1c558da47daebaa8e1203d6b7ff10ad7d6faba3490d8"
url = "https://github.com/cli/cli/releases/download/v2.89.0/gh_2.89.0_linux_amd64.tar.gz"

[tools."aqua:cli/cli"."platforms.macos-arm64"]
checksum = "sha256:2423d02ec0a2094898c378703a1b28a5846c08700f87461363857cb8cb3fda94"
url = "https://github.com/cli/cli/releases/download/v2.89.0/gh_2.89.0_macOS_arm64.zip"
provenance = "github-attestations"

[tools."aqua:cli/cli"."platforms.macos-x64"]
checksum = "sha256:862e21cac6a71f81e7cd6e5127e3cd344f8537441ad2db94cd208319dd17b6e9"
url = "https://github.com/cli/cli/releases/download/v2.89.0/gh_2.89.0_macOS_amd64.zip"

[tools."aqua:cli/cli"."platforms.windows-arm64"]
checksum = "sha256:dfffa1fba55ae9c1ba53c307038ddce26ace3db29c9af329e98d568eceae7d98"
url = "https://github.com/cli/cli/releases/download/v2.89.0/gh_2.89.0_windows_arm64.zip"

[tools."aqua:cli/cli"."platforms.windows-x64"]
checksum = "sha256:f3326f6406c98c99701b257d77e2b040eedf83d0176c2c2e9809aa339ceb467e"
url = "https://github.com/cli/cli/releases/download/v2.89.0/gh_2.89.0_windows_amd64.zip"

[[tools."aqua:crate-ci/typos"]]
version = "1.45.0"
backend = "aqua:crate-ci/typos"

[tools."aqua:crate-ci/typos"."platforms.linux-arm64"]
checksum = "sha256:dde3b5c5bd5d0ab6ff76a1465658dc6485e7d420cf8eccfdfbdea37809bed793"
url = "https://github.com/crate-ci/typos/releases/download/v1.45.0/typos-v1.45.0-aarch64-unknown-linux-musl.tar.gz"

[tools."aqua:crate-ci/typos"."platforms.linux-arm64-musl"]
checksum = "sha256:dde3b5c5bd5d0ab6ff76a1465658dc6485e7d420cf8eccfdfbdea37809bed793"
url = "https://github.com/crate-ci/typos/releases/download/v1.45.0/typos-v1.45.0-aarch64-unknown-linux-musl.tar.gz"

[tools."aqua:crate-ci/typos"."platforms.linux-x64"]
checksum = "sha256:fa10c3c77c61bdf03f2f6f8245eb6fb89d92115450272a4eabe326b3967ac375"
url = "https://github.com/crate-ci/typos/releases/download/v1.45.0/typos-v1.45.0-x86_64-unknown-linux-musl.tar.gz"

[tools."aqua:crate-ci/typos"."platforms.linux-x64-musl"]
checksum = "sha256:fa10c3c77c61bdf03f2f6f8245eb6fb89d92115450272a4eabe326b3967ac375"
url = "https://github.com/crate-ci/typos/releases/download/v1.45.0/typos-v1.45.0-x86_64-unknown-linux-musl.tar.gz"

[tools."aqua:crate-ci/typos"."platforms.macos-arm64"]
checksum = "sha256:c42f8d8af49bff559f0bf0a45d1fb704f9e13446cc8faebfb30a3f669b89c802"
url = "https://github.com/crate-ci/typos/releases/download/v1.45.0/typos-v1.45.0-aarch64-apple-darwin.tar.gz"

[tools."aqua:crate-ci/typos"."platforms.macos-x64"]
checksum = "sha256:4a4c1060b248c13ce7bc6c1ffe5cb75120885e8ecb62e7ba2b40f5567680f9ba"
url = "https://github.com/crate-ci/typos/releases/download/v1.45.0/typos-v1.45.0-x86_64-apple-darwin.tar.gz"

[tools."aqua:crate-ci/typos"."platforms.windows-arm64"]
checksum = "sha256:dc89f5f175ee1a389e1f5cc5173353d9db3751e2cddedf34339d8ec45cd38aa0"
url = "https://github.com/crate-ci/typos/releases/download/v1.45.0/typos-v1.45.0-x86_64-pc-windows-msvc.zip"

[tools."aqua:crate-ci/typos"."platforms.windows-x64"]
checksum = "sha256:dc89f5f175ee1a389e1f5cc5173353d9db3751e2cddedf34339d8ec45cd38aa0"
url = "https://github.com/crate-ci/typos/releases/download/v1.45.0/typos-v1.45.0-x86_64-pc-windows-msvc.zip"

[[tools."aqua:gitleaks/gitleaks"]]
version = "8.30.1"
backend = "aqua:gitleaks/gitleaks"

[tools."aqua:gitleaks/gitleaks"."platforms.linux-arm64"]
checksum = "sha256:e4a487ee7ccd7d3a7f7ec08657610aa3606637dab924210b3aee62570fb4b080"
url = "https://github.com/gitleaks/gitleaks/releases/download/v8.30.1/gitleaks_8.30.1_linux_arm64.tar.gz"

[tools."aqua:gitleaks/gitleaks"."platforms.linux-arm64-musl"]
checksum = "sha256:e4a487ee7ccd7d3a7f7ec08657610aa3606637dab924210b3aee62570fb4b080"
url = "https://github.com/gitleaks/gitleaks/releases/download/v8.30.1/gitleaks_8.30.1_linux_arm64.tar.gz"

[tools."aqua:gitleaks/gitleaks"."platforms.linux-x64"]
checksum = "sha256:551f6fc83ea457d62a0d98237cbad105af8d557003051f41f3e7ca7b3f2470eb"
url = "https://github.com/gitleaks/gitleaks/releases/download/v8.30.1/gitleaks_8.30.1_linux_x64.tar.gz"

[tools."aqua:gitleaks/gitleaks"."platforms.linux-x64-musl"]
checksum = "sha256:551f6fc83ea457d62a0d98237cbad105af8d557003051f41f3e7ca7b3f2470eb"
url = "https://github.com/gitleaks/gitleaks/releases/download/v8.30.1/gitleaks_8.30.1_linux_x64.tar.gz"

[tools."aqua:gitleaks/gitleaks"."platforms.macos-arm64"]
checksum = "sha256:b40ab0ae55c505963e365f271a8d3846efbc170aa17f2607f13df610a9aeb6a5"
url = "https://github.com/gitleaks/gitleaks/releases/download/v8.30.1/gitleaks_8.30.1_darwin_arm64.tar.gz"

[tools."aqua:gitleaks/gitleaks"."platforms.macos-x64"]
checksum = "sha256:dfe101a4db2255fc85120ac7f3d25e4342c3c20cf749f2c20a18081af1952709"
url = "https://github.com/gitleaks/gitleaks/releases/download/v8.30.1/gitleaks_8.30.1_darwin_x64.tar.gz"

[tools."aqua:gitleaks/gitleaks"."platforms.windows-arm64"]
checksum = "sha256:d29144deff3a68aa93ced33dddf84b7fdc26070add4aa0f4513094c8332afc4e"
url = "https://github.com/gitleaks/gitleaks/releases/download/v8.30.1/gitleaks_8.30.1_windows_x64.zip"

[tools."aqua:gitleaks/gitleaks"."platforms.windows-x64"]
checksum = "sha256:d29144deff3a68aa93ced33dddf84b7fdc26070add4aa0f4513094c8332afc4e"
url = "https://github.com/gitleaks/gitleaks/releases/download/v8.30.1/gitleaks_8.30.1_windows_x64.zip"

[[tools."aqua:google/yamlfmt"]]
version = "0.21.0"
backend = "aqua:google/yamlfmt"

[tools."aqua:google/yamlfmt"."platforms.linux-arm64"]
checksum = "sha256:5b2689c963b177271330c5ce8ca7396751107e5a826be46f03d2cb9b6f0c7784"
url = "https://github.com/google/yamlfmt/releases/download/v0.21.0/yamlfmt_0.21.0_Linux_arm64.tar.gz"

[tools."aqua:google/yamlfmt"."platforms.linux-arm64-musl"]
checksum = "sha256:5b2689c963b177271330c5ce8ca7396751107e5a826be46f03d2cb9b6f0c7784"
url = "https://github.com/google/yamlfmt/releases/download/v0.21.0/yamlfmt_0.21.0_Linux_arm64.tar.gz"

[tools."aqua:google/yamlfmt"."platforms.linux-x64"]
checksum = "sha256:1f300d9257b232bb3b541d7fb1b0e6b3c121bcbab381c86cd38cb8722be8a566"
url = "https://github.com/google/yamlfmt/releases/download/v0.21.0/yamlfmt_0.21.0_Linux_x86_64.tar.gz"

[tools."aqua:google/yamlfmt"."platforms.linux-x64-musl"]
checksum = "sha256:1f300d9257b232bb3b541d7fb1b0e6b3c121bcbab381c86cd38cb8722be8a566"
url = "https://github.com/google/yamlfmt/releases/download/v0.21.0/yamlfmt_0.21.0_Linux_x86_64.tar.gz"

[tools."aqua:google/yamlfmt"."platforms.macos-arm64"]
checksum = "sha256:4b417ecb94339d57e4c122ecc948c1a00fe328b5853266de9806e652a92858fa"
url = "https://github.com/google/yamlfmt/releases/download/v0.21.0/yamlfmt_0.21.0_Darwin_arm64.tar.gz"

[tools."aqua:google/yamlfmt"."platforms.macos-x64"]
checksum = "sha256:060e943bcb8583c456810eb1ff4721b4f46c4a0c1a4432449d5dc3bbfe29a22b"
url = "https://github.com/google/yamlfmt/releases/download/v0.21.0/yamlfmt_0.21.0_Darwin_x86_64.tar.gz"

[tools."aqua:google/yamlfmt"."platforms.windows-arm64"]
checksum = "sha256:c1e64d1c72ca8986bc5b8c8edd4ec89f0627804e7e08f8de9f4b484cb5cad897"
url = "https://github.com/google/yamlfmt/releases/download/v0.21.0/yamlfmt_0.21.0_Windows_arm64.tar.gz"

[tools."aqua:google/yamlfmt"."platforms.windows-x64"]
checksum = "sha256:07f80ce5d741eb4b0a9380ac78a19c7cb5bd44e2a9a47a5a04839e3ba54dd463"
url = "https://github.com/google/yamlfmt/releases/download/v0.21.0/yamlfmt_0.21.0_Windows_x86_64.tar.gz"

[[tools."aqua:jqlang/jq"]]
version = "1.8.1"
backend = "aqua:jqlang/jq"

[tools."aqua:jqlang/jq"."platforms.linux-arm64"]
checksum = "sha256:6bc62f25981328edd3cfcfe6fe51b073f2d7e7710d7ef7fcdac28d4e384fc3d4"
url = "https://github.com/jqlang/jq/releases/download/jq-1.8.1/jq-linux-arm64"

[tools."aqua:jqlang/jq"."platforms.linux-arm64-musl"]
checksum = "sha256:6bc62f25981328edd3cfcfe6fe51b073f2d7e7710d7ef7fcdac28d4e384fc3d4"
url = "https://github.com/jqlang/jq/releases/download/jq-1.8.1/jq-linux-arm64"

[tools."aqua:jqlang/jq"."platforms.linux-x64"]
checksum = "sha256:020468de7539ce70ef1bceaf7cde2e8c4f2ca6c3afb84642aabc5c97d9fc2a0d"
url = "https://github.com/jqlang/jq/releases/download/jq-1.8.1/jq-linux-amd64"

[tools."aqua:jqlang/jq"."platforms.linux-x64-musl"]
checksum = "sha256:020468de7539ce70ef1bceaf7cde2e8c4f2ca6c3afb84642aabc5c97d9fc2a0d"
url = "https://github.com/jqlang/jq/releases/download/jq-1.8.1/jq-linux-amd64"

[tools."aqua:jqlang/jq"."platforms.macos-arm64"]
checksum = "sha256:a9fe3ea2f86dfc72f6728417521ec9067b343277152b114f4e98d8cb0e263603"
url = "https://github.com/jqlang/jq/releases/download/jq-1.8.1/jq-macos-arm64"

[tools."aqua:jqlang/jq"."platforms.macos-x64"]
checksum = "sha256:e80dbe0d2a2597e3c11c404f03337b981d74b4a8504b70586c354b7697a7c27f"
url = "https://github.com/jqlang/jq/releases/download/jq-1.8.1/jq-macos-amd64"

[tools."aqua:jqlang/jq"."platforms.windows-arm64"]
checksum = "sha256:23cb60a1354eed6bcc8d9b9735e8c7b388cd1fdcb75726b93bc299ef22dd9334"
url = "https://github.com/jqlang/jq/releases/download/jq-1.8.1/jq-windows-amd64.exe"

[tools."aqua:jqlang/jq"."platforms.windows-x64"]
checksum = "sha256:23cb60a1354eed6bcc8d9b9735e8c7b388cd1fdcb75726b93bc299ef22dd9334"
url = "https://github.com/jqlang/jq/releases/download/jq-1.8.1/jq-windows-amd64.exe"

[[tools."github:EmbarkStudios/cargo-deny"]]
version = "0.19.0"
backend = "github:EmbarkStudios/cargo-deny"

[tools."github:EmbarkStudios/cargo-deny"."platforms.linux-arm64"]
checksum = "sha256:2b3567a60b7491c159d1cef8b7d8479d1ad2a31e29ef49462634ad4552fcc77d"
url = "https://github.com/EmbarkStudios/cargo-deny/releases/download/0.19.0/cargo-deny-0.19.0-aarch64-unknown-linux-musl.tar.gz"
url_api = "https://api.github.com/repos/EmbarkStudios/cargo-deny/releases/assets/337862688"

[tools."github:EmbarkStudios/cargo-deny"."platforms.linux-arm64-musl"]
checksum = "sha256:2b3567a60b7491c159d1cef8b7d8479d1ad2a31e29ef49462634ad4552fcc77d"
url = "https://github.com/EmbarkStudios/cargo-deny/releases/download/0.19.0/cargo-deny-0.19.0-aarch64-unknown-linux-musl.tar.gz"
url_api = "https://api.github.com/repos/EmbarkStudios/cargo-deny/releases/assets/337862688"

[tools."github:EmbarkStudios/cargo-deny"."platforms.linux-x64"]
checksum = "sha256:0e8c2aa59128612c90d9e09c02204e912f29a5b8d9a64671b94608cbe09e064f"
url = "https://github.com/EmbarkStudios/cargo-deny/releases/download/0.19.0/cargo-deny-0.19.0-x86_64-unknown-linux-musl.tar.gz"
url_api = "https://api.github.com/repos/EmbarkStudios/cargo-deny/releases/assets/337862798"

[tools."github:EmbarkStudios/cargo-deny"."platforms.linux-x64-musl"]
checksum = "sha256:0e8c2aa59128612c90d9e09c02204e912f29a5b8d9a64671b94608cbe09e064f"
url = "https://github.com/EmbarkStudios/cargo-deny/releases/download/0.19.0/cargo-deny-0.19.0-x86_64-unknown-linux-musl.tar.gz"
url_api = "https://api.github.com/repos/EmbarkStudios/cargo-deny/releases/assets/337862798"

[tools."github:EmbarkStudios/cargo-deny"."platforms.macos-arm64"]
checksum = "sha256:a22f2023c06f3eefd099a5d42dd828fd4fa74d1e1c167bd1dbc3cf59ad62ded0"
url = "https://github.com/EmbarkStudios/cargo-deny/releases/download/0.19.0/cargo-deny-0.19.0-aarch64-apple-darwin.tar.gz"
url_api = "https://api.github.com/repos/EmbarkStudios/cargo-deny/releases/assets/337862521"

[tools."github:EmbarkStudios/cargo-deny"."platforms.macos-x64"]
checksum = "sha256:c42163655413f7e872638cd8c4345a327b512ef0ab99109e9cced691b95af5fb"
url = "https://github.com/EmbarkStudios/cargo-deny/releases/download/0.19.0/cargo-deny-0.19.0-x86_64-apple-darwin.tar.gz"
url_api = "https://api.github.com/repos/EmbarkStudios/cargo-deny/releases/assets/337862925"

[tools."github:EmbarkStudios/cargo-deny"."platforms.windows-x64"]
checksum = "sha256:413f0e2ce780d0d14ba8e9339f9fb033419a8a971ec7714faec518e4a664bdb0"
url = "https://github.com/EmbarkStudios/cargo-deny/releases/download/0.19.0/cargo-deny-0.19.0-x86_64-pc-windows-msvc.tar.gz"
url_api = "https://api.github.com/repos/EmbarkStudios/cargo-deny/releases/assets/337863628"

[[tools."github:mikefarah/yq"]]
version = "4.52.5"
backend = "github:mikefarah/yq"

[tools."github:mikefarah/yq"."platforms.linux-arm64"]
checksum = "sha256:33cf72426fc5f5e7d9b99801a58d34c6fa7e4426dad594569fb972dde5891109"
url = "https://github.com/mikefarah/yq/releases/download/v4.52.5/yq_linux_arm64.tar.gz"
url_api = "https://api.github.com/repos/mikefarah/yq/releases/assets/381629677"

[tools."github:mikefarah/yq"."platforms.linux-arm64-musl"]
checksum = "sha256:33cf72426fc5f5e7d9b99801a58d34c6fa7e4426dad594569fb972dde5891109"
url = "https://github.com/mikefarah/yq/releases/download/v4.52.5/yq_linux_arm64.tar.gz"
url_api = "https://api.github.com/repos/mikefarah/yq/releases/assets/381629677"

[tools."github:mikefarah/yq"."platforms.linux-x64"]
checksum = "sha256:c529c33e6b545d95e39445c37f673e31ca110c3ca9310b47ccea78f9190b061e"
url = "https://github.com/mikefarah/yq/releases/download/v4.52.5/yq_linux_amd64.tar.gz"
url_api = "https://api.github.com/repos/mikefarah/yq/releases/assets/381629674"

[tools."github:mikefarah/yq"."platforms.linux-x64-musl"]
checksum = "sha256:c529c33e6b545d95e39445c37f673e31ca110c3ca9310b47ccea78f9190b061e"
url = "https://github.com/mikefarah/yq/releases/download/v4.52.5/yq_linux_amd64.tar.gz"
url_api = "https://api.github.com/repos/mikefarah/yq/releases/assets/381629674"

[tools."github:mikefarah/yq"."platforms.macos-arm64"]
checksum = "sha256:4613600ee3416000a223f28b5323d3f003ee5bb4c18c5fa916450d31d686aecb"
url = "https://github.com/mikefarah/yq/releases/download/v4.52.5/yq_darwin_arm64.tar.gz"
url_api = "https://api.github.com/repos/mikefarah/yq/releases/assets/381629664"

[tools."github:mikefarah/yq"."platforms.macos-x64"]
checksum = "sha256:672029a24f3038f29fe5fb5a15d600c00ab6affbd5a92e880d3319d629fdee9e"
url = "https://github.com/mikefarah/yq/releases/download/v4.52.5/yq_darwin_amd64.tar.gz"
url_api = "https://api.github.com/repos/mikefarah/yq/releases/assets/381629660"

[tools."github:mikefarah/yq"."platforms.windows-arm64"]
checksum = "sha256:31d9a45a103de4d1fafb8767b5b4ecde67e9fcbee6348098bf15c1a21d1b77b5"
url = "https://github.com/mikefarah/yq/releases/download/v4.52.5/yq_windows_arm64.zip"
url_api = "https://api.github.com/repos/mikefarah/yq/releases/assets/381629707"

[tools."github:mikefarah/yq"."platforms.windows-x64"]
checksum = "sha256:8394de63138204bea852cd25adc1e1ec1a572f572a6f875d300b95ca0742d970"
url = "https://github.com/mikefarah/yq/releases/download/v4.52.5/yq_windows_amd64.zip"
url_api = "https://api.github.com/repos/mikefarah/yq/releases/assets/381629705"

[[tools."github:mozilla/sccache"]]
version = "0.12.0"
backend = "github:mozilla/sccache"

[tools."github:mozilla/sccache"."platforms.linux-arm64"]
checksum = "sha256:111ddd28fb108cb3e17edb69ab62cefe1dcc97b02e5006ff9c1330f4f2e78368"
url = "https://github.com/mozilla/sccache/releases/download/v0.12.0/sccache-v0.12.0-aarch64-unknown-linux-musl.tar.gz"
url_api = "https://api.github.com/repos/mozilla/sccache/releases/assets/306639973"

[tools."github:mozilla/sccache"."platforms.linux-arm64-musl"]
checksum = "sha256:111ddd28fb108cb3e17edb69ab62cefe1dcc97b02e5006ff9c1330f4f2e78368"
url = "https://github.com/mozilla/sccache/releases/download/v0.12.0/sccache-v0.12.0-aarch64-unknown-linux-musl.tar.gz"
url_api = "https://api.github.com/repos/mozilla/sccache/releases/assets/306639973"

[tools."github:mozilla/sccache"."platforms.linux-x64"]
checksum = "sha256:b0e89ead6899224a4ba2b90e9073bf1ce036d95bab30f3dc33c1e1468bc4ad44"
url = "https://github.com/mozilla/sccache/releases/download/v0.12.0/sccache-v0.12.0-x86_64-unknown-linux-musl.tar.gz"
url_api = "https://api.github.com/repos/mozilla/sccache/releases/assets/306639997"

[tools."github:mozilla/sccache"."platforms.linux-x64-musl"]
checksum = "sha256:b0e89ead6899224a4ba2b90e9073bf1ce036d95bab30f3dc33c1e1468bc4ad44"
url = "https://github.com/mozilla/sccache/releases/download/v0.12.0/sccache-v0.12.0-x86_64-unknown-linux-musl.tar.gz"
url_api = "https://api.github.com/repos/mozilla/sccache/releases/assets/306639997"

[tools."github:mozilla/sccache"."platforms.macos-arm64"]
checksum = "sha256:4d5281f8760963347b29b9ca4ab1dbde99712c17329619fc9cecba1577ccc8d2"
url = "https://github.com/mozilla/sccache/releases/download/v0.12.0/sccache-v0.12.0-aarch64-apple-darwin.tar.gz"
url_api = "https://api.github.com/repos/mozilla/sccache/releases/assets/306639966"

[tools."github:mozilla/sccache"."platforms.macos-x64"]
checksum = "sha256:398438425a0e25a40157984189fdaf2d2d0d1f3788cf06d49da2702a41e80c4b"
url = "https://github.com/mozilla/sccache/releases/download/v0.12.0/sccache-v0.12.0-x86_64-apple-darwin.tar.gz"
url_api = "https://api.github.com/repos/mozilla/sccache/releases/assets/306639987"

[tools."github:mozilla/sccache"."platforms.windows-arm64"]
checksum = "sha256:5d99dfc3552907596de7e912432e49fd627eef0fb63b27b777c21db135bb1795"
url = "https://github.com/mozilla/sccache/releases/download/v0.12.0/sccache-v0.12.0-aarch64-pc-windows-msvc.tar.gz"
url_api = "https://api.github.com/repos/mozilla/sccache/releases/assets/306639969"

[tools."github:mozilla/sccache"."platforms.windows-x64"]
checksum = "sha256:f430e63e3f47dd76d488fc6d14a97b4bb58e4fabb18aab69c43198a68e750b91"
url = "https://github.com/mozilla/sccache/releases/download/v0.12.0/sccache-v0.12.0-x86_64-pc-windows-msvc.tar.gz"
url_api = "https://api.github.com/repos/mozilla/sccache/releases/assets/306639993"

[[tools."github:mstange/samply"]]
version = "0.13.1"
backend = "github:mstange/samply"

[tools."github:mstange/samply".options]
version_prefix = "samply-v"

[tools."github:mstange/samply"."platforms.linux-arm64"]
checksum = "sha256:aa465162b62830168775b7ff4804bc35049436dcbc29bb3d1ea9f580380ea06a"
url = "https://github.com/mstange/samply/releases/download/samply-v0.13.1/samply-aarch64-unknown-linux-gnu.tar.xz"
url_api = "https://api.github.com/repos/mstange/samply/releases/assets/225379066"

[tools."github:mstange/samply"."platforms.linux-arm64-musl"]
checksum = "sha256:aa465162b62830168775b7ff4804bc35049436dcbc29bb3d1ea9f580380ea06a"
url = "https://github.com/mstange/samply/releases/download/samply-v0.13.1/samply-aarch64-unknown-linux-gnu.tar.xz"
url_api = "https://api.github.com/repos/mstange/samply/releases/assets/225379066"

[tools."github:mstange/samply"."platforms.linux-x64"]
checksum = "sha256:61875daad67888798690dea3cb2748279df6ac299c5c6a857d67eed7642473d9"
url = "https://github.com/mstange/samply/releases/download/samply-v0.13.1/samply-x86_64-unknown-linux-gnu.tar.xz"
url_api = "https://api.github.com/repos/mstange/samply/releases/assets/225379074"

[tools."github:mstange/samply"."platforms.linux-x64-musl"]
checksum = "sha256:691f48f3b3ece38d6fc0d93ce2143fd8ca5621fe627ebc4c13f1f0081fcb6480"
url = "https://github.com/mstange/samply/releases/download/samply-v0.13.1/samply-x86_64-unknown-linux-musl.tar.xz"
url_api = "https://api.github.com/repos/mstange/samply/releases/assets/225379076"

[tools."github:mstange/samply"."platforms.macos-arm64"]
checksum = "sha256:7597239aa3769e75058be5ed359dbfe067f5e7714a5f052c45dd81d509aec17f"
url = "https://github.com/mstange/samply/releases/download/samply-v0.13.1/samply-aarch64-apple-darwin.tar.xz"
url_api = "https://api.github.com/repos/mstange/samply/releases/assets/225379067"

[tools."github:mstange/samply"."platforms.macos-x64"]
checksum = "sha256:a57f05f9162d06c36df6d51425d976ac774a8cd6dbd84050e6303fa8bf813998"
url = "https://github.com/mstange/samply/releases/download/samply-v0.13.1/samply-x86_64-apple-darwin.tar.xz"
url_api = "https://api.github.com/repos/mstange/samply/releases/assets/225379070"

[tools."github:mstange/samply"."platforms.windows-arm64"]
checksum = "sha256:0236cda0bf5f8f7022b16be4cc1133217090430e3e4db704292b13bbc0cd60c9"
url = "https://github.com/mstange/samply/releases/download/samply-v0.13.1/source.tar.gz"
url_api = "https://api.github.com/repos/mstange/samply/releases/assets/225379079"

[tools."github:mstange/samply"."platforms.windows-x64"]
checksum = "sha256:8fed74dac18197bbb2520125b0199255e09709bed7903a7672a06225a5d7e976"
url = "https://github.com/mstange/samply/releases/download/samply-v0.13.1/samply-x86_64-pc-windows-msvc.zip"
url_api = "https://api.github.com/repos/mstange/samply/releases/assets/225379071"

[[tools."github:nextest-rs/nextest"]]
version = "0.9.132"
backend = "github:nextest-rs/nextest"

[tools."github:nextest-rs/nextest".options]
version_prefix = "cargo-nextest-"

[tools."github:nextest-rs/nextest"."platforms.linux-arm64"]
checksum = "sha256:592db3fa3d3ee62f109dc149554811eb8ecdc68e1514be5af79986b1560e2e0d"
url = "https://github.com/nextest-rs/nextest/releases/download/cargo-nextest-0.9.132/cargo-nextest-0.9.132-aarch64-unknown-linux-gnu.tar.gz"
url_api = "https://api.github.com/repos/nextest-rs/nextest/releases/assets/378265378"

[tools."github:nextest-rs/nextest"."platforms.linux-arm64-musl"]
checksum = "sha256:2497ddfd2a0c6805f7c5514ff680c6ca9c1ffc5b9ab30af43e85830b768c129a"
url = "https://github.com/nextest-rs/nextest/releases/download/cargo-nextest-0.9.132/cargo-nextest-0.9.132-aarch64-unknown-linux-musl.tar.gz"
url_api = "https://api.github.com/repos/nextest-rs/nextest/releases/assets/378262319"

[tools."github:nextest-rs/nextest"."platforms.linux-x64"]
checksum = "sha256:e22f14ecaff5519dbfe521e8717d64e9989648bddc23eb1f71bb0053518a52e7"
url = "https://github.com/nextest-rs/nextest/releases/download/cargo-nextest-0.9.132/cargo-nextest-0.9.132-x86_64-unknown-linux-gnu.tar.gz"
url_api = "https://api.github.com/repos/nextest-rs/nextest/releases/assets/378261972"

[tools."github:nextest-rs/nextest"."platforms.linux-x64-musl"]
checksum = "sha256:5e93f3b4244e2f8bffe5818b2a7cbd6a59f32d262dcb6017905e345cc74227af"
url = "https://github.com/nextest-rs/nextest/releases/download/cargo-nextest-0.9.132/cargo-nextest-0.9.132-x86_64-unknown-linux-musl.tar.gz"
url_api = "https://api.github.com/repos/nextest-rs/nextest/releases/assets/378263064"

[tools."github:nextest-rs/nextest"."platforms.macos-arm64"]
checksum = "sha256:6ce5c844ae3cdac3f6f42fd86bf71a8bf99aecd76bab9f6743c808223d31fad1"
url = "https://github.com/nextest-rs/nextest/releases/download/cargo-nextest-0.9.132/cargo-nextest-0.9.132-universal-apple-darwin.tar.gz"
url_api = "https://api.github.com/repos/nextest-rs/nextest/releases/assets/378264494"

[tools."github:nextest-rs/nextest"."platforms.macos-x64"]
checksum = "sha256:6ce5c844ae3cdac3f6f42fd86bf71a8bf99aecd76bab9f6743c808223d31fad1"
url = "https://github.com/nextest-rs/nextest/releases/download/cargo-nextest-0.9.132/cargo-nextest-0.9.132-universal-apple-darwin.tar.gz"
url_api = "https://api.github.com/repos/nextest-rs/nextest/releases/assets/378264494"

[tools."github:nextest-rs/nextest"."platforms.windows-arm64"]
checksum = "sha256:3a9f5ac97c8bd6aeaf76c6c2c8c17a2c22b989237cf23c1bf5dd1a1df979a4fc"
url = "https://github.com/nextest-rs/nextest/releases/download/cargo-nextest-0.9.132/cargo-nextest-0.9.132-aarch64-pc-windows-msvc.zip"
url_api = "https://api.github.com/repos/nextest-rs/nextest/releases/assets/378264893"

[tools."github:nextest-rs/nextest"."platforms.windows-x64"]
checksum = "sha256:c43a93b3c3c77d17e77be5001a82a3f1f13b09e9ae31b13822ea9cd629bd0e7d"
url = "https://github.com/nextest-rs/nextest/releases/download/cargo-nextest-0.9.132/cargo-nextest-0.9.132-x86_64-pc-windows-msvc.zip"
url_api = "https://api.github.com/repos/nextest-rs/nextest/releases/assets/378264922"

[[tools."github:taiki-e/cargo-llvm-cov"]]
version = "0.8.5"
backend = "github:taiki-e/cargo-llvm-cov"

[tools."github:taiki-e/cargo-llvm-cov"."platforms.linux-arm64"]
checksum = "sha256:8248a6d5dcb47307c2ef6d5815f90bca07d04a6f1acd06b658f689cb2d8247d9"
url = "https://github.com/taiki-e/cargo-llvm-cov/releases/download/v0.8.5/cargo-llvm-cov-aarch64-unknown-linux-gnu.tar.gz"
url_api = "https://api.github.com/repos/taiki-e/cargo-llvm-cov/releases/assets/377827059"
provenance = "github-attestations"

[tools."github:taiki-e/cargo-llvm-cov"."platforms.linux-arm64-musl"]
checksum = "sha256:bc14a4551e633b12ec89bb15469e6099b4ddc998a5d1bcad0fd95320b148a40f"
url = "https://github.com/taiki-e/cargo-llvm-cov/releases/download/v0.8.5/cargo-llvm-cov-aarch64-unknown-linux-musl.tar.gz"
url_api = "https://api.github.com/repos/taiki-e/cargo-llvm-cov/releases/assets/377827106"
provenance = "github-attestations"

[tools."github:taiki-e/cargo-llvm-cov"."platforms.linux-x64"]
checksum = "sha256:7e62d664f5133d43d33a3b11138c93feff98bd71e953ddc260ea8ddf360a37c6"
url = "https://github.com/taiki-e/cargo-llvm-cov/releases/download/v0.8.5/cargo-llvm-cov-x86_64-unknown-linux-gnu.tar.gz"
url_api = "https://api.github.com/repos/taiki-e/cargo-llvm-cov/releases/assets/377825273"
provenance = "github-attestations"

[tools."github:taiki-e/cargo-llvm-cov"."platforms.linux-x64-musl"]
checksum = "sha256:e9fc23dbbdc502ee9267544f8c6e8e162c6d7df8fb2e3f62d8289a4c0bd240ce"
url = "https://github.com/taiki-e/cargo-llvm-cov/releases/download/v0.8.5/cargo-llvm-cov-x86_64-unknown-linux-musl.tar.gz"
url_api = "https://api.github.com/repos/taiki-e/cargo-llvm-cov/releases/assets/377826123"
provenance = "github-attestations"

[tools."github:taiki-e/cargo-llvm-cov"."platforms.macos-arm64"]
checksum = "sha256:816b6ff2c23ba569327d153189d7434afd501fc873cc0f5fbb0cfe412b97bc22"
url = "https://github.com/taiki-e/cargo-llvm-cov/releases/download/v0.8.5/cargo-llvm-cov-aarch64-apple-darwin.tar.gz"
url_api = "https://api.github.com/repos/taiki-e/cargo-llvm-cov/releases/assets/377828171"
provenance = "github-attestations"

[tools."github:taiki-e/cargo-llvm-cov"."platforms.macos-x64"]
checksum = "sha256:b8598f0ea19900f6dea3b3fd4214f1de96f1bff47eaa32a775643fc402cabad0"
url = "https://github.com/taiki-e/cargo-llvm-cov/releases/download/v0.8.5/cargo-llvm-cov-x86_64-apple-darwin.tar.gz"
url_api = "https://api.github.com/repos/taiki-e/cargo-llvm-cov/releases/assets/377828328"
provenance = "github-attestations"

[tools."github:taiki-e/cargo-llvm-cov"."platforms.windows-arm64"]
checksum = "sha256:3c3849a50843ca9d073bf5bd19e519ed2c0a99c0094845200d10a0bcc4ff4f52"
url = "https://github.com/taiki-e/cargo-llvm-cov/releases/download/v0.8.5/cargo-llvm-cov-aarch64-pc-windows-msvc.zip"
url_api = "https://api.github.com/repos/taiki-e/cargo-llvm-cov/releases/assets/377827069"
provenance = "github-attestations"

[tools."github:taiki-e/cargo-llvm-cov"."platforms.windows-x64"]
checksum = "sha256:62d3265ea30455fedc42eef4a7164cc3389195fa6fe97edf87caa102c0739bcd"
url = "https://github.com/taiki-e/cargo-llvm-cov/releases/download/v0.8.5/cargo-llvm-cov-x86_64-pc-windows-msvc.zip"
url_api = "https://api.github.com/repos/taiki-e/cargo-llvm-cov/releases/assets/377825876"
provenance = "github-attestations"

[[tools.node]]
version = "24.14.1"
backend = "core:node"

[tools.node."platforms.linux-arm64"]
checksum = "sha256:734ff04fa7f8ed2e8a78d40cacf5ac3fc4515dac2858757cbab313eb483ba8a2"
url = "https://nodejs.org/dist/v24.14.1/node-v24.14.1-linux-arm64.tar.gz"

[tools.node."platforms.linux-arm64-musl"]
checksum = "sha256:734ff04fa7f8ed2e8a78d40cacf5ac3fc4515dac2858757cbab313eb483ba8a2"
url = "https://nodejs.org/dist/v24.14.1/node-v24.14.1-linux-arm64.tar.gz"

[tools.node."platforms.linux-x64"]
checksum = "sha256:ace9fa104992ed0829642629c46ca7bd7fd6e76278cb96c958c4b387d29658ea"
url = "https://nodejs.org/dist/v24.14.1/node-v24.14.1-linux-x64.tar.gz"

[tools.node."platforms.linux-x64-musl"]
checksum = "sha256:ace9fa104992ed0829642629c46ca7bd7fd6e76278cb96c958c4b387d29658ea"
url = "https://nodejs.org/dist/v24.14.1/node-v24.14.1-linux-x64.tar.gz"

[tools.node."platforms.macos-arm64"]
checksum = "sha256:25495ff85bd89e2d8a24d88566d7e2f827c6b0d3d872b2cebf75371f93fcb1fe"
url = "https://nodejs.org/dist/v24.14.1/node-v24.14.1-darwin-arm64.tar.gz"

[tools.node."platforms.macos-x64"]
checksum = "sha256:2526230ad7d922be82d4fdb1e7ee1e84303e133e3b4b0ec4c2897ab31de0253d"
url = "https://nodejs.org/dist/v24.14.1/node-v24.14.1-darwin-x64.tar.gz"

[tools.node."platforms.windows-arm64"]
checksum = "sha256:a7b7c68490e4a8cde1921fe5a0cfb3001d53f9c839e416903e4f28e727b62f60"
url = "https://nodejs.org/dist/v24.14.1/node-v24.14.1-win-arm64.zip"

[tools.node."platforms.windows-x64"]
checksum = "sha256:6e50ce5498c0cebc20fd39ab3ff5df836ed2f8a31aa093cecad8497cff126d70"
url = "https://nodejs.org/dist/v24.14.1/node-v24.14.1-win-x64.zip"

[[tools.rust]]
version = "nightly-2026-03-31"
backend = "core:rust"
